// !$*UTF8*$!
{
	archiveVersion = 1;
	classes = {
	};
	objectVersion = 46;
	objects = {

/* Begin PBXBuildFile section */
		483D83D41C69202400DD9F6E /* main.m in Sources */ = {isa = PBXBuildFile; fileRef = 483D83D31C69202400DD9F6E /* main.m */; };
		483D83D71C69202400DD9F6E /* AppDelegate.m in Sources */ = {isa = PBXBuildFile; fileRef = 483D83D61C69202400DD9F6E /* AppDelegate.m */; };
		483D83DA1C69202400DD9F6E /* ViewController.m in Sources */ = {isa = PBXBuildFile; fileRef = 483D83D91C69202400DD9F6E /* ViewController.m */; };
		483D83DD1C69202400DD9F6E /* Main.storyboard in Resources */ = {isa = PBXBuildFile; fileRef = 483D83DB1C69202400DD9F6E /* Main.storyboard */; };
		483D83E01C69202400DD9F6E /* PicDiary.xcdatamodeld in Sources */ = {isa = PBXBuildFile; fileRef = 483D83DE1C69202400DD9F6E /* PicDiary.xcdatamodeld */; };
		483D83E21C69202400DD9F6E /* Assets.xcassets in Resources */ = {isa = PBXBuildFile; fileRef = 483D83E11C69202400DD9F6E /* Assets.xcassets */; };
		483D83E51C69202400DD9F6E /* LaunchScreen.storyboard in Resources */ = {isa = PBXBuildFile; fileRef = 483D83E31C69202400DD9F6E /* LaunchScreen.storyboard */; };
		483D84351C69254C00DD9F6E /* Bolts.framework in Frameworks */ = {isa = PBXBuildFile; fileRef = 483D842F1C69254C00DD9F6E /* Bolts.framework */; };
		483D84361C69254C00DD9F6E /* Parse.framework in Frameworks */ = {isa = PBXBuildFile; fileRef = 483D84301C69254C00DD9F6E /* Parse.framework */; };
		483D84371C69254C00DD9F6E /* ParseFacebookUtils.framework in Frameworks */ = {isa = PBXBuildFile; fileRef = 483D84311C69254C00DD9F6E /* ParseFacebookUtils.framework */; };
		483D84381C69254C00DD9F6E /* ParseFacebookUtilsV4.framework in Frameworks */ = {isa = PBXBuildFile; fileRef = 483D84321C69254C00DD9F6E /* ParseFacebookUtilsV4.framework */; };
		483D84391C69254C00DD9F6E /* ParseTwitterUtils.framework in Frameworks */ = {isa = PBXBuildFile; fileRef = 483D84331C69254C00DD9F6E /* ParseTwitterUtils.framework */; };
		483D843A1C69254C00DD9F6E /* ParseUI.framework in Frameworks */ = {isa = PBXBuildFile; fileRef = 483D84341C69254C00DD9F6E /* ParseUI.framework */; };
		483D843C1C69257100DD9F6E /* AudioToolbox.framework in Frameworks */ = {isa = PBXBuildFile; fileRef = 483D843B1C69257100DD9F6E /* AudioToolbox.framework */; };
		483D843E1C69257A00DD9F6E /* CFNetwork.framework in Frameworks */ = {isa = PBXBuildFile; fileRef = 483D843D1C69257A00DD9F6E /* CFNetwork.framework */; };
		483D84401C69258500DD9F6E /* CoreGraphics.framework in Frameworks */ = {isa = PBXBuildFile; fileRef = 483D843F1C69258500DD9F6E /* CoreGraphics.framework */; };
		483D84421C69259100DD9F6E /* CoreLocation.framework in Frameworks */ = {isa = PBXBuildFile; fileRef = 483D84411C69259100DD9F6E /* CoreLocation.framework */; };
		483D84441C69259900DD9F6E /* QuartzCore.framework in Frameworks */ = {isa = PBXBuildFile; fileRef = 483D84431C69259900DD9F6E /* QuartzCore.framework */; };
		483D84461C6925A600DD9F6E /* Security.framework in Frameworks */ = {isa = PBXBuildFile; fileRef = 483D84451C6925A600DD9F6E /* Security.framework */; };
		483D84481C6925AE00DD9F6E /* StoreKit.framework in Frameworks */ = {isa = PBXBuildFile; fileRef = 483D84471C6925AE00DD9F6E /* StoreKit.framework */; };
		483D844A1C6925BA00DD9F6E /* SystemConfiguration.framework in Frameworks */ = {isa = PBXBuildFile; fileRef = 483D84491C6925BA00DD9F6E /* SystemConfiguration.framework */; };
		483D844C1C6925CD00DD9F6E /* libz.tbd in Frameworks */ = {isa = PBXBuildFile; fileRef = 483D844B1C6925CD00DD9F6E /* libz.tbd */; };
		483D844E1C6925D700DD9F6E /* libsqlite3.tbd in Frameworks */ = {isa = PBXBuildFile; fileRef = 483D844D1C6925D700DD9F6E /* libsqlite3.tbd */; };
		483D84541C693A0A00DD9F6E /* PhotoCollectionViewController.m in Sources */ = {isa = PBXBuildFile; fileRef = 483D84531C693A0A00DD9F6E /* PhotoCollectionViewController.m */; };
		483D84571C693A2A00DD9F6E /* LibraryTableViewController.m in Sources */ = {isa = PBXBuildFile; fileRef = 483D84561C693A2A00DD9F6E /* LibraryTableViewController.m */; };
		483D845A1C693A5B00DD9F6E /* CreateViewController.m in Sources */ = {isa = PBXBuildFile; fileRef = 483D84591C693A5B00DD9F6E /* CreateViewController.m */; };
		483D845D1C69424700DD9F6E /* LibraryTableViewCell.m in Sources */ = {isa = PBXBuildFile; fileRef = 483D845C1C69424700DD9F6E /* LibraryTableViewCell.m */; };
		483D84601C69427100DD9F6E /* PhotoCollectionViewCell.m in Sources */ = {isa = PBXBuildFile; fileRef = 483D845F1C69427100DD9F6E /* PhotoCollectionViewCell.m */; };
		483D84711C6949EB00DD9F6E /* Album+CoreDataProperties.m in Sources */ = {isa = PBXBuildFile; fileRef = 483D84621C6949EB00DD9F6E /* Album+CoreDataProperties.m */; };
		483D84721C6949EB00DD9F6E /* Album.m in Sources */ = {isa = PBXBuildFile; fileRef = 483D84641C6949EB00DD9F6E /* Album.m */; };
		483D84731C6949EB00DD9F6E /* Event+CoreDataProperties.m in Sources */ = {isa = PBXBuildFile; fileRef = 483D84661C6949EB00DD9F6E /* Event+CoreDataProperties.m */; };
		483D84741C6949EB00DD9F6E /* Event.m in Sources */ = {isa = PBXBuildFile; fileRef = 483D84681C6949EB00DD9F6E /* Event.m */; };
		483D84751C6949EB00DD9F6E /* User+CoreDataProperties.m in Sources */ = {isa = PBXBuildFile; fileRef = 483D846A1C6949EB00DD9F6E /* User+CoreDataProperties.m */; };
		483D84761C6949EB00DD9F6E /* User.m in Sources */ = {isa = PBXBuildFile; fileRef = 483D846C1C6949EB00DD9F6E /* User.m */; };
		483D84771C6949EB00DD9F6E /* Photo+CoreDataProperties.m in Sources */ = {isa = PBXBuildFile; fileRef = 483D846E1C6949EB00DD9F6E /* Photo+CoreDataProperties.m */; };
		483D84781C6949EB00DD9F6E /* Photo.m in Sources */ = {isa = PBXBuildFile; fileRef = 483D84701C6949EB00DD9F6E /* Photo.m */; };
		483D847D1C694D4200DD9F6E /* TabBarController.m in Sources */ = {isa = PBXBuildFile; fileRef = 483D847C1C694D4200DD9F6E /* TabBarController.m */; };
		483D84801C696B3D00DD9F6E /* EventDetailViewController.m in Sources */ = {isa = PBXBuildFile; fileRef = 483D847F1C696B3D00DD9F6E /* EventDetailViewController.m */; };
		483D84831C696EA600DD9F6E /* EventDetailHeaderView.m in Sources */ = {isa = PBXBuildFile; fileRef = 483D84821C696EA600DD9F6E /* EventDetailHeaderView.m */; };
		483D84861C6970C600DD9F6E /* EventDetailCommentViewCell.m in Sources */ = {isa = PBXBuildFile; fileRef = 483D84851C6970C600DD9F6E /* EventDetailCommentViewCell.m */; };
		483D84891C697BD100DD9F6E /* EventAlbumViewController.m in Sources */ = {isa = PBXBuildFile; fileRef = 483D84881C697BD100DD9F6E /* EventAlbumViewController.m */; };
		483D848B1C697E2300DD9F6E /* Sunset.JPG in Resources */ = {isa = PBXBuildFile; fileRef = 483D848A1C697E2300DD9F6E /* Sunset.JPG */; };
		483D848E1C6A500500DD9F6E /* AlbumPhotoViewCell.m in Sources */ = {isa = PBXBuildFile; fileRef = 483D848D1C6A500400DD9F6E /* AlbumPhotoViewCell.m */; };
		483D84941C6A88AB00DD9F6E /* FullScreenViewController.m in Sources */ = {isa = PBXBuildFile; fileRef = 483D84931C6A88AB00DD9F6E /* FullScreenViewController.m */; };
		483D84991C6AADAB00DD9F6E /* Comment+CoreDataProperties.m in Sources */ = {isa = PBXBuildFile; fileRef = 483D84961C6AADAB00DD9F6E /* Comment+CoreDataProperties.m */; };
		483D849A1C6AADAB00DD9F6E /* Comment.m in Sources */ = {isa = PBXBuildFile; fileRef = 483D84981C6AADAB00DD9F6E /* Comment.m */; };
		483D849D1C6AC9F000DD9F6E /* PhotoCommentViewCell.m in Sources */ = {isa = PBXBuildFile; fileRef = 483D849C1C6AC9F000DD9F6E /* PhotoCommentViewCell.m */; };
		483D84A01C6ACA1F00DD9F6E /* PhotoFullScreenImageHeader.m in Sources */ = {isa = PBXBuildFile; fileRef = 483D849F1C6ACA1F00DD9F6E /* PhotoFullScreenImageHeader.m */; };
/* End PBXBuildFile section */

/* Begin PBXFileReference section */
		483D83CF1C69202400DD9F6E /* PicDiary.app */ = {isa = PBXFileReference; explicitFileType = wrapper.application; includeInIndex = 0; path = PicDiary.app; sourceTree = BUILT_PRODUCTS_DIR; };
		483D83D31C69202400DD9F6E /* main.m */ = {isa = PBXFileReference; lastKnownFileType = sourcecode.c.objc; path = main.m; sourceTree = "<group>"; };
		483D83D51C69202400DD9F6E /* AppDelegate.h */ = {isa = PBXFileReference; lastKnownFileType = sourcecode.c.h; path = AppDelegate.h; sourceTree = "<group>"; };
		483D83D61C69202400DD9F6E /* AppDelegate.m */ = {isa = PBXFileReference; lastKnownFileType = sourcecode.c.objc; path = AppDelegate.m; sourceTree = "<group>"; };
		483D83D81C69202400DD9F6E /* ViewController.h */ = {isa = PBXFileReference; lastKnownFileType = sourcecode.c.h; path = ViewController.h; sourceTree = "<group>"; };
		483D83D91C69202400DD9F6E /* ViewController.m */ = {isa = PBXFileReference; lastKnownFileType = sourcecode.c.objc; path = ViewController.m; sourceTree = "<group>"; };
		483D83DC1C69202400DD9F6E /* Base */ = {isa = PBXFileReference; lastKnownFileType = file.storyboard; name = Base; path = Base.lproj/Main.storyboard; sourceTree = "<group>"; };
		483D83DF1C69202400DD9F6E /* PicDiary.xcdatamodel */ = {isa = PBXFileReference; lastKnownFileType = wrapper.xcdatamodel; path = PicDiary.xcdatamodel; sourceTree = "<group>"; };
		483D83E11C69202400DD9F6E /* Assets.xcassets */ = {isa = PBXFileReference; lastKnownFileType = folder.assetcatalog; path = Assets.xcassets; sourceTree = "<group>"; };
		483D83E41C69202400DD9F6E /* Base */ = {isa = PBXFileReference; lastKnownFileType = file.storyboard; name = Base; path = Base.lproj/LaunchScreen.storyboard; sourceTree = "<group>"; };
		483D83E61C69202400DD9F6E /* Info.plist */ = {isa = PBXFileReference; lastKnownFileType = text.plist.xml; path = Info.plist; sourceTree = "<group>"; };
		483D842F1C69254C00DD9F6E /* Bolts.framework */ = {isa = PBXFileReference; lastKnownFileType = wrapper.framework; path = Bolts.framework; sourceTree = "<group>"; };
		483D84301C69254C00DD9F6E /* Parse.framework */ = {isa = PBXFileReference; lastKnownFileType = wrapper.framework; path = Parse.framework; sourceTree = "<group>"; };
		483D84311C69254C00DD9F6E /* ParseFacebookUtils.framework */ = {isa = PBXFileReference; lastKnownFileType = wrapper.framework; path = ParseFacebookUtils.framework; sourceTree = "<group>"; };
		483D84321C69254C00DD9F6E /* ParseFacebookUtilsV4.framework */ = {isa = PBXFileReference; lastKnownFileType = wrapper.framework; path = ParseFacebookUtilsV4.framework; sourceTree = "<group>"; };
		483D84331C69254C00DD9F6E /* ParseTwitterUtils.framework */ = {isa = PBXFileReference; lastKnownFileType = wrapper.framework; path = ParseTwitterUtils.framework; sourceTree = "<group>"; };
		483D84341C69254C00DD9F6E /* ParseUI.framework */ = {isa = PBXFileReference; lastKnownFileType = wrapper.framework; path = ParseUI.framework; sourceTree = "<group>"; };
		483D843B1C69257100DD9F6E /* AudioToolbox.framework */ = {isa = PBXFileReference; lastKnownFileType = wrapper.framework; name = AudioToolbox.framework; path = System/Library/Frameworks/AudioToolbox.framework; sourceTree = SDKROOT; };
		483D843D1C69257A00DD9F6E /* CFNetwork.framework */ = {isa = PBXFileReference; lastKnownFileType = wrapper.framework; name = CFNetwork.framework; path = System/Library/Frameworks/CFNetwork.framework; sourceTree = SDKROOT; };
		483D843F1C69258500DD9F6E /* CoreGraphics.framework */ = {isa = PBXFileReference; lastKnownFileType = wrapper.framework; name = CoreGraphics.framework; path = System/Library/Frameworks/CoreGraphics.framework; sourceTree = SDKROOT; };
		483D84411C69259100DD9F6E /* CoreLocation.framework */ = {isa = PBXFileReference; lastKnownFileType = wrapper.framework; name = CoreLocation.framework; path = System/Library/Frameworks/CoreLocation.framework; sourceTree = SDKROOT; };
		483D84431C69259900DD9F6E /* QuartzCore.framework */ = {isa = PBXFileReference; lastKnownFileType = wrapper.framework; name = QuartzCore.framework; path = System/Library/Frameworks/QuartzCore.framework; sourceTree = SDKROOT; };
		483D84451C6925A600DD9F6E /* Security.framework */ = {isa = PBXFileReference; lastKnownFileType = wrapper.framework; name = Security.framework; path = System/Library/Frameworks/Security.framework; sourceTree = SDKROOT; };
		483D84471C6925AE00DD9F6E /* StoreKit.framework */ = {isa = PBXFileReference; lastKnownFileType = wrapper.framework; name = StoreKit.framework; path = System/Library/Frameworks/StoreKit.framework; sourceTree = SDKROOT; };
		483D84491C6925BA00DD9F6E /* SystemConfiguration.framework */ = {isa = PBXFileReference; lastKnownFileType = wrapper.framework; name = SystemConfiguration.framework; path = System/Library/Frameworks/SystemConfiguration.framework; sourceTree = SDKROOT; };
		483D844B1C6925CD00DD9F6E /* libz.tbd */ = {isa = PBXFileReference; lastKnownFileType = "sourcecode.text-based-dylib-definition"; name = libz.tbd; path = usr/lib/libz.tbd; sourceTree = SDKROOT; };
		483D844D1C6925D700DD9F6E /* libsqlite3.tbd */ = {isa = PBXFileReference; lastKnownFileType = "sourcecode.text-based-dylib-definition"; name = libsqlite3.tbd; path = usr/lib/libsqlite3.tbd; sourceTree = SDKROOT; };
		483D84521C693A0A00DD9F6E /* PhotoCollectionViewController.h */ = {isa = PBXFileReference; fileEncoding = 4; lastKnownFileType = sourcecode.c.h; name = PhotoCollectionViewController.h; path = ../PhotoCollectionViewController.h; sourceTree = "<group>"; };
		483D84531C693A0A00DD9F6E /* PhotoCollectionViewController.m */ = {isa = PBXFileReference; fileEncoding = 4; lastKnownFileType = sourcecode.c.objc; name = PhotoCollectionViewController.m; path = ../PhotoCollectionViewController.m; sourceTree = "<group>"; };
		483D84551C693A2A00DD9F6E /* LibraryTableViewController.h */ = {isa = PBXFileReference; fileEncoding = 4; lastKnownFileType = sourcecode.c.h; name = LibraryTableViewController.h; path = ../LibraryTableViewController.h; sourceTree = "<group>"; };
		483D84561C693A2A00DD9F6E /* LibraryTableViewController.m */ = {isa = PBXFileReference; fileEncoding = 4; lastKnownFileType = sourcecode.c.objc; name = LibraryTableViewController.m; path = ../LibraryTableViewController.m; sourceTree = "<group>"; };
		483D84581C693A5B00DD9F6E /* CreateViewController.h */ = {isa = PBXFileReference; fileEncoding = 4; lastKnownFileType = sourcecode.c.h; name = CreateViewController.h; path = ../CreateViewController.h; sourceTree = "<group>"; };
		483D84591C693A5B00DD9F6E /* CreateViewController.m */ = {isa = PBXFileReference; fileEncoding = 4; lastKnownFileType = sourcecode.c.objc; name = CreateViewController.m; path = ../CreateViewController.m; sourceTree = "<group>"; };
		483D845B1C69424700DD9F6E /* LibraryTableViewCell.h */ = {isa = PBXFileReference; fileEncoding = 4; lastKnownFileType = sourcecode.c.h; path = LibraryTableViewCell.h; sourceTree = "<group>"; };
		483D845C1C69424700DD9F6E /* LibraryTableViewCell.m */ = {isa = PBXFileReference; fileEncoding = 4; lastKnownFileType = sourcecode.c.objc; path = LibraryTableViewCell.m; sourceTree = "<group>"; };
		483D845E1C69427100DD9F6E /* PhotoCollectionViewCell.h */ = {isa = PBXFileReference; fileEncoding = 4; lastKnownFileType = sourcecode.c.h; path = PhotoCollectionViewCell.h; sourceTree = "<group>"; };
		483D845F1C69427100DD9F6E /* PhotoCollectionViewCell.m */ = {isa = PBXFileReference; fileEncoding = 4; lastKnownFileType = sourcecode.c.objc; path = PhotoCollectionViewCell.m; sourceTree = "<group>"; };
		483D84611C6949EB00DD9F6E /* Album+CoreDataProperties.h */ = {isa = PBXFileReference; fileEncoding = 4; lastKnownFileType = sourcecode.c.h; path = "Album+CoreDataProperties.h"; sourceTree = "<group>"; };
		483D84621C6949EB00DD9F6E /* Album+CoreDataProperties.m */ = {isa = PBXFileReference; fileEncoding = 4; lastKnownFileType = sourcecode.c.objc; path = "Album+CoreDataProperties.m"; sourceTree = "<group>"; };
		483D84631C6949EB00DD9F6E /* Album.h */ = {isa = PBXFileReference; fileEncoding = 4; lastKnownFileType = sourcecode.c.h; path = Album.h; sourceTree = "<group>"; };
		483D84641C6949EB00DD9F6E /* Album.m */ = {isa = PBXFileReference; fileEncoding = 4; lastKnownFileType = sourcecode.c.objc; path = Album.m; sourceTree = "<group>"; };
		483D84651C6949EB00DD9F6E /* Event+CoreDataProperties.h */ = {isa = PBXFileReference; fileEncoding = 4; lastKnownFileType = sourcecode.c.h; path = "Event+CoreDataProperties.h"; sourceTree = "<group>"; };
		483D84661C6949EB00DD9F6E /* Event+CoreDataProperties.m */ = {isa = PBXFileReference; fileEncoding = 4; lastKnownFileType = sourcecode.c.objc; path = "Event+CoreDataProperties.m"; sourceTree = "<group>"; };
		483D84671C6949EB00DD9F6E /* Event.h */ = {isa = PBXFileReference; fileEncoding = 4; lastKnownFileType = sourcecode.c.h; path = Event.h; sourceTree = "<group>"; };
		483D84681C6949EB00DD9F6E /* Event.m */ = {isa = PBXFileReference; fileEncoding = 4; lastKnownFileType = sourcecode.c.objc; path = Event.m; sourceTree = "<group>"; };
		483D84691C6949EB00DD9F6E /* User+CoreDataProperties.h */ = {isa = PBXFileReference; fileEncoding = 4; lastKnownFileType = sourcecode.c.h; path = "User+CoreDataProperties.h"; sourceTree = "<group>"; };
		483D846A1C6949EB00DD9F6E /* User+CoreDataProperties.m */ = {isa = PBXFileReference; fileEncoding = 4; lastKnownFileType = sourcecode.c.objc; path = "User+CoreDataProperties.m"; sourceTree = "<group>"; };
		483D846B1C6949EB00DD9F6E /* User.h */ = {isa = PBXFileReference; fileEncoding = 4; lastKnownFileType = sourcecode.c.h; path = User.h; sourceTree = "<group>"; };
		483D846C1C6949EB00DD9F6E /* User.m */ = {isa = PBXFileReference; fileEncoding = 4; lastKnownFileType = sourcecode.c.objc; path = User.m; sourceTree = "<group>"; };
		483D846D1C6949EB00DD9F6E /* Photo+CoreDataProperties.h */ = {isa = PBXFileReference; fileEncoding = 4; lastKnownFileType = sourcecode.c.h; path = "Photo+CoreDataProperties.h"; sourceTree = "<group>"; };
		483D846E1C6949EB00DD9F6E /* Photo+CoreDataProperties.m */ = {isa = PBXFileReference; fileEncoding = 4; lastKnownFileType = sourcecode.c.objc; path = "Photo+CoreDataProperties.m"; sourceTree = "<group>"; };
		483D846F1C6949EB00DD9F6E /* Photo.h */ = {isa = PBXFileReference; fileEncoding = 4; lastKnownFileType = sourcecode.c.h; path = Photo.h; sourceTree = "<group>"; };
		483D84701C6949EB00DD9F6E /* Photo.m */ = {isa = PBXFileReference; fileEncoding = 4; lastKnownFileType = sourcecode.c.objc; path = Photo.m; sourceTree = "<group>"; };
		483D847B1C694D4200DD9F6E /* TabBarController.h */ = {isa = PBXFileReference; fileEncoding = 4; lastKnownFileType = sourcecode.c.h; path = TabBarController.h; sourceTree = "<group>"; };
		483D847C1C694D4200DD9F6E /* TabBarController.m */ = {isa = PBXFileReference; fileEncoding = 4; lastKnownFileType = sourcecode.c.objc; path = TabBarController.m; sourceTree = "<group>"; };
		483D847E1C696B3D00DD9F6E /* EventDetailViewController.h */ = {isa = PBXFileReference; fileEncoding = 4; lastKnownFileType = sourcecode.c.h; path = EventDetailViewController.h; sourceTree = "<group>"; };
		483D847F1C696B3D00DD9F6E /* EventDetailViewController.m */ = {isa = PBXFileReference; fileEncoding = 4; lastKnownFileType = sourcecode.c.objc; path = EventDetailViewController.m; sourceTree = "<group>"; };
		483D84811C696EA600DD9F6E /* EventDetailHeaderView.h */ = {isa = PBXFileReference; fileEncoding = 4; lastKnownFileType = sourcecode.c.h; path = EventDetailHeaderView.h; sourceTree = "<group>"; };
		483D84821C696EA600DD9F6E /* EventDetailHeaderView.m */ = {isa = PBXFileReference; fileEncoding = 4; lastKnownFileType = sourcecode.c.objc; path = EventDetailHeaderView.m; sourceTree = "<group>"; };
		483D84841C6970C600DD9F6E /* EventDetailCommentViewCell.h */ = {isa = PBXFileReference; fileEncoding = 4; lastKnownFileType = sourcecode.c.h; path = EventDetailCommentViewCell.h; sourceTree = "<group>"; };
		483D84851C6970C600DD9F6E /* EventDetailCommentViewCell.m */ = {isa = PBXFileReference; fileEncoding = 4; lastKnownFileType = sourcecode.c.objc; path = EventDetailCommentViewCell.m; sourceTree = "<group>"; };
		483D84871C697BD100DD9F6E /* EventAlbumViewController.h */ = {isa = PBXFileReference; fileEncoding = 4; lastKnownFileType = sourcecode.c.h; path = EventAlbumViewController.h; sourceTree = "<group>"; };
		483D84881C697BD100DD9F6E /* EventAlbumViewController.m */ = {isa = PBXFileReference; fileEncoding = 4; lastKnownFileType = sourcecode.c.objc; path = EventAlbumViewController.m; sourceTree = "<group>"; };
		483D848A1C697E2300DD9F6E /* Sunset.JPG */ = {isa = PBXFileReference; lastKnownFileType = image.jpeg; name = Sunset.JPG; path = "../../../Pictures/Photos Library.photoslibrary/Masters/2016/01/27/20160127-161844/Sunset.JPG"; sourceTree = "<group>"; };
		483D848C1C6A500400DD9F6E /* AlbumPhotoViewCell.h */ = {isa = PBXFileReference; fileEncoding = 4; lastKnownFileType = sourcecode.c.h; path = AlbumPhotoViewCell.h; sourceTree = "<group>"; };
		483D848D1C6A500400DD9F6E /* AlbumPhotoViewCell.m */ = {isa = PBXFileReference; fileEncoding = 4; lastKnownFileType = sourcecode.c.objc; path = AlbumPhotoViewCell.m; sourceTree = "<group>"; };
		483D84921C6A88AB00DD9F6E /* FullScreenViewController.h */ = {isa = PBXFileReference; fileEncoding = 4; lastKnownFileType = sourcecode.c.h; path = FullScreenViewController.h; sourceTree = "<group>"; };
		483D84931C6A88AB00DD9F6E /* FullScreenViewController.m */ = {isa = PBXFileReference; fileEncoding = 4; lastKnownFileType = sourcecode.c.objc; path = FullScreenViewController.m; sourceTree = "<group>"; };
		483D84951C6AADAB00DD9F6E /* Comment+CoreDataProperties.h */ = {isa = PBXFileReference; fileEncoding = 4; lastKnownFileType = sourcecode.c.h; path = "Comment+CoreDataProperties.h"; sourceTree = "<group>"; };
		483D84961C6AADAB00DD9F6E /* Comment+CoreDataProperties.m */ = {isa = PBXFileReference; fileEncoding = 4; lastKnownFileType = sourcecode.c.objc; path = "Comment+CoreDataProperties.m"; sourceTree = "<group>"; };
		483D84971C6AADAB00DD9F6E /* Comment.h */ = {isa = PBXFileReference; fileEncoding = 4; lastKnownFileType = sourcecode.c.h; path = Comment.h; sourceTree = "<group>"; };
		483D84981C6AADAB00DD9F6E /* Comment.m */ = {isa = PBXFileReference; fileEncoding = 4; lastKnownFileType = sourcecode.c.objc; path = Comment.m; sourceTree = "<group>"; };
		483D849B1C6AC9F000DD9F6E /* PhotoCommentViewCell.h */ = {isa = PBXFileReference; fileEncoding = 4; lastKnownFileType = sourcecode.c.h; path = PhotoCommentViewCell.h; sourceTree = "<group>"; };
		483D849C1C6AC9F000DD9F6E /* PhotoCommentViewCell.m */ = {isa = PBXFileReference; fileEncoding = 4; lastKnownFileType = sourcecode.c.objc; path = PhotoCommentViewCell.m; sourceTree = "<group>"; };
		483D849E1C6ACA1F00DD9F6E /* PhotoFullScreenImageHeader.h */ = {isa = PBXFileReference; fileEncoding = 4; lastKnownFileType = sourcecode.c.h; path = PhotoFullScreenImageHeader.h; sourceTree = "<group>"; };
		483D849F1C6ACA1F00DD9F6E /* PhotoFullScreenImageHeader.m */ = {isa = PBXFileReference; fileEncoding = 4; lastKnownFileType = sourcecode.c.objc; path = PhotoFullScreenImageHeader.m; sourceTree = "<group>"; };
/* End PBXFileReference section */

/* Begin PBXFrameworksBuildPhase section */
		483D83CC1C69202400DD9F6E /* Frameworks */ = {
			isa = PBXFrameworksBuildPhase;
			buildActionMask = 2147483647;
			files = (
				483D844E1C6925D700DD9F6E /* libsqlite3.tbd in Frameworks */,
				483D844C1C6925CD00DD9F6E /* libz.tbd in Frameworks */,
				483D844A1C6925BA00DD9F6E /* SystemConfiguration.framework in Frameworks */,
				483D84481C6925AE00DD9F6E /* StoreKit.framework in Frameworks */,
				483D84461C6925A600DD9F6E /* Security.framework in Frameworks */,
				483D84441C69259900DD9F6E /* QuartzCore.framework in Frameworks */,
				483D84421C69259100DD9F6E /* CoreLocation.framework in Frameworks */,
				483D84401C69258500DD9F6E /* CoreGraphics.framework in Frameworks */,
				483D843E1C69257A00DD9F6E /* CFNetwork.framework in Frameworks */,
				483D843C1C69257100DD9F6E /* AudioToolbox.framework in Frameworks */,
				483D843A1C69254C00DD9F6E /* ParseUI.framework in Frameworks */,
				483D84361C69254C00DD9F6E /* Parse.framework in Frameworks */,
				483D84351C69254C00DD9F6E /* Bolts.framework in Frameworks */,
				483D84381C69254C00DD9F6E /* ParseFacebookUtilsV4.framework in Frameworks */,
				483D84371C69254C00DD9F6E /* ParseFacebookUtils.framework in Frameworks */,
				483D84391C69254C00DD9F6E /* ParseTwitterUtils.framework in Frameworks */,
			);
			runOnlyForDeploymentPostprocessing = 0;
		};
/* End PBXFrameworksBuildPhase section */

/* Begin PBXGroup section */
		483D83C61C69202400DD9F6E = {
			isa = PBXGroup;
			children = (
				483D847A1C694A1100DD9F6E /* CoreData */,
				483D842E1C69253B00DD9F6E /* Frameworks */,
				483D83D11C69202400DD9F6E /* PicDiary */,
				483D83D01C69202400DD9F6E /* Products */,
			);
			sourceTree = "<group>";
		};
		483D83D01C69202400DD9F6E /* Products */ = {
			isa = PBXGroup;
			children = (
				483D83CF1C69202400DD9F6E /* PicDiary.app */,
			);
			name = Products;
			sourceTree = "<group>";
		};
		483D83D11C69202400DD9F6E /* PicDiary */ = {
			isa = PBXGroup;
			children = (
				483D83D51C69202400DD9F6E /* AppDelegate.h */,
				483D83D61C69202400DD9F6E /* AppDelegate.m */,
				483D83D81C69202400DD9F6E /* ViewController.h */,
				483D83D91C69202400DD9F6E /* ViewController.m */,
				483D83DB1C69202400DD9F6E /* Main.storyboard */,
				483D847B1C694D4200DD9F6E /* TabBarController.h */,
				483D847C1C694D4200DD9F6E /* TabBarController.m */,
				483D84581C693A5B00DD9F6E /* CreateViewController.h */,
				483D84591C693A5B00DD9F6E /* CreateViewController.m */,
				483D84521C693A0A00DD9F6E /* PhotoCollectionViewController.h */,
				483D84531C693A0A00DD9F6E /* PhotoCollectionViewController.m */,
				483D845E1C69427100DD9F6E /* PhotoCollectionViewCell.h */,
				483D845F1C69427100DD9F6E /* PhotoCollectionViewCell.m */,
				483D84921C6A88AB00DD9F6E /* FullScreenViewController.h */,
				483D84931C6A88AB00DD9F6E /* FullScreenViewController.m */,
				483D849B1C6AC9F000DD9F6E /* PhotoCommentViewCell.h */,
				483D849C1C6AC9F000DD9F6E /* PhotoCommentViewCell.m */,
				483D849E1C6ACA1F00DD9F6E /* PhotoFullScreenImageHeader.h */,
				483D849F1C6ACA1F00DD9F6E /* PhotoFullScreenImageHeader.m */,
				483D84551C693A2A00DD9F6E /* LibraryTableViewController.h */,
				483D84561C693A2A00DD9F6E /* LibraryTableViewController.m */,
				483D845B1C69424700DD9F6E /* LibraryTableViewCell.h */,
				483D845C1C69424700DD9F6E /* LibraryTableViewCell.m */,
				483D847E1C696B3D00DD9F6E /* EventDetailViewController.h */,
				483D847F1C696B3D00DD9F6E /* EventDetailViewController.m */,
				483D84811C696EA600DD9F6E /* EventDetailHeaderView.h */,
				483D84821C696EA600DD9F6E /* EventDetailHeaderView.m */,
				483D84841C6970C600DD9F6E /* EventDetailCommentViewCell.h */,
				483D84851C6970C600DD9F6E /* EventDetailCommentViewCell.m */,
				483D84871C697BD100DD9F6E /* EventAlbumViewController.h */,
				483D84881C697BD100DD9F6E /* EventAlbumViewController.m */,
				483D848C1C6A500400DD9F6E /* AlbumPhotoViewCell.h */,
				483D848D1C6A500400DD9F6E /* AlbumPhotoViewCell.m */,
				483D83E11C69202400DD9F6E /* Assets.xcassets */,
				483D848A1C697E2300DD9F6E /* Sunset.JPG */,
				483D83E31C69202400DD9F6E /* LaunchScreen.storyboard */,
				483D83E61C69202400DD9F6E /* Info.plist */,
				483D83DE1C69202400DD9F6E /* PicDiary.xcdatamodeld */,
				483D83D21C69202400DD9F6E /* Supporting Files */,
			);
			path = PicDiary;
			sourceTree = "<group>";
		};
		483D83D21C69202400DD9F6E /* Supporting Files */ = {
			isa = PBXGroup;
			children = (
				483D83D31C69202400DD9F6E /* main.m */,
			);
			name = "Supporting Files";
			sourceTree = "<group>";
		};
		483D842E1C69253B00DD9F6E /* Frameworks */ = {
			isa = PBXGroup;
			children = (
				483D844D1C6925D700DD9F6E /* libsqlite3.tbd */,
				483D844B1C6925CD00DD9F6E /* libz.tbd */,
				483D84491C6925BA00DD9F6E /* SystemConfiguration.framework */,
				483D84471C6925AE00DD9F6E /* StoreKit.framework */,
				483D84451C6925A600DD9F6E /* Security.framework */,
				483D84431C69259900DD9F6E /* QuartzCore.framework */,
				483D84411C69259100DD9F6E /* CoreLocation.framework */,
				483D843F1C69258500DD9F6E /* CoreGraphics.framework */,
				483D843D1C69257A00DD9F6E /* CFNetwork.framework */,
				483D843B1C69257100DD9F6E /* AudioToolbox.framework */,
				483D842F1C69254C00DD9F6E /* Bolts.framework */,
				483D84301C69254C00DD9F6E /* Parse.framework */,
				483D84311C69254C00DD9F6E /* ParseFacebookUtils.framework */,
				483D84321C69254C00DD9F6E /* ParseFacebookUtilsV4.framework */,
				483D84331C69254C00DD9F6E /* ParseTwitterUtils.framework */,
				483D84341C69254C00DD9F6E /* ParseUI.framework */,
			);
			name = Frameworks;
			sourceTree = "<group>";
		};
		483D847A1C694A1100DD9F6E /* CoreData */ = {
			isa = PBXGroup;
			children = (
				483D84951C6AADAB00DD9F6E /* Comment+CoreDataProperties.h */,
				483D84961C6AADAB00DD9F6E /* Comment+CoreDataProperties.m */,
				483D84971C6AADAB00DD9F6E /* Comment.h */,
				483D84981C6AADAB00DD9F6E /* Comment.m */,
				483D84611C6949EB00DD9F6E /* Album+CoreDataProperties.h */,
				483D84621C6949EB00DD9F6E /* Album+CoreDataProperties.m */,
				483D84631C6949EB00DD9F6E /* Album.h */,
				483D84641C6949EB00DD9F6E /* Album.m */,
				483D84651C6949EB00DD9F6E /* Event+CoreDataProperties.h */,
				483D84661C6949EB00DD9F6E /* Event+CoreDataProperties.m */,
				483D84671C6949EB00DD9F6E /* Event.h */,
				483D84681C6949EB00DD9F6E /* Event.m */,
				483D84691C6949EB00DD9F6E /* User+CoreDataProperties.h */,
				483D846A1C6949EB00DD9F6E /* User+CoreDataProperties.m */,
				483D846B1C6949EB00DD9F6E /* User.h */,
				483D846C1C6949EB00DD9F6E /* User.m */,
				483D846D1C6949EB00DD9F6E /* Photo+CoreDataProperties.h */,
				483D846E1C6949EB00DD9F6E /* Photo+CoreDataProperties.m */,
				483D846F1C6949EB00DD9F6E /* Photo.h */,
				483D84701C6949EB00DD9F6E /* Photo.m */,
			);
			name = CoreData;
			sourceTree = "<group>";
		};
/* End PBXGroup section */

/* Begin PBXNativeTarget section */
		483D83CE1C69202400DD9F6E /* PicDiary */ = {
			isa = PBXNativeTarget;
			buildConfigurationList = 483D83E91C69202400DD9F6E /* Build configuration list for PBXNativeTarget "PicDiary" */;
			buildPhases = (
				483D83CB1C69202400DD9F6E /* Sources */,
				483D83CC1C69202400DD9F6E /* Frameworks */,
				483D83CD1C69202400DD9F6E /* Resources */,
			);
			buildRules = (
			);
			dependencies = (
			);
			name = PicDiary;
			productName = PicDiary;
			productReference = 483D83CF1C69202400DD9F6E /* PicDiary.app */;
			productType = "com.apple.product-type.application";
		};
/* End PBXNativeTarget section */

/* Begin PBXProject section */
		483D83C71C69202400DD9F6E /* Project object */ = {
			isa = PBXProject;
			attributes = {
				LastUpgradeCheck = 0720;
				ORGANIZATIONNAME = "Narendra Thapa";
				TargetAttributes = {
					483D83CE1C69202400DD9F6E = {
						CreatedOnToolsVersion = 7.2;
					};
				};
			};
			buildConfigurationList = 483D83CA1C69202400DD9F6E /* Build configuration list for PBXProject "PicDiary" */;
			compatibilityVersion = "Xcode 3.2";
			developmentRegion = English;
			hasScannedForEncodings = 0;
			knownRegions = (
				en,
				Base,
			);
			mainGroup = 483D83C61C69202400DD9F6E;
			productRefGroup = 483D83D01C69202400DD9F6E /* Products */;
			projectDirPath = "";
			projectRoot = "";
			targets = (
				483D83CE1C69202400DD9F6E /* PicDiary */,
			);
		};
/* End PBXProject section */

/* Begin PBXResourcesBuildPhase section */
		483D83CD1C69202400DD9F6E /* Resources */ = {
			isa = PBXResourcesBuildPhase;
			buildActionMask = 2147483647;
			files = (
				483D83E51C69202400DD9F6E /* LaunchScreen.storyboard in Resources */,
				483D83E21C69202400DD9F6E /* Assets.xcassets in Resources */,
				483D848B1C697E2300DD9F6E /* Sunset.JPG in Resources */,
				483D83DD1C69202400DD9F6E /* Main.storyboard in Resources */,
			);
			runOnlyForDeploymentPostprocessing = 0;
		};
/* End PBXResourcesBuildPhase section */

/* Begin PBXSourcesBuildPhase section */
		483D83CB1C69202400DD9F6E /* Sources */ = {
			isa = PBXSourcesBuildPhase;
			buildActionMask = 2147483647;
			files = (
				483D84751C6949EB00DD9F6E /* User+CoreDataProperties.m in Sources */,
				483D83DA1C69202400DD9F6E /* ViewController.m in Sources */,
				483D848E1C6A500500DD9F6E /* AlbumPhotoViewCell.m in Sources */,
				483D84601C69427100DD9F6E /* PhotoCollectionViewCell.m in Sources */,
				483D847D1C694D4200DD9F6E /* TabBarController.m in Sources */,
				483D84731C6949EB00DD9F6E /* Event+CoreDataProperties.m in Sources */,
				483D84741C6949EB00DD9F6E /* Event.m in Sources */,
				483D84761C6949EB00DD9F6E /* User.m in Sources */,
				483D84861C6970C600DD9F6E /* EventDetailCommentViewCell.m in Sources */,
				483D845D1C69424700DD9F6E /* LibraryTableViewCell.m in Sources */,
				483D83D71C69202400DD9F6E /* AppDelegate.m in Sources */,
				483D849D1C6AC9F000DD9F6E /* PhotoCommentViewCell.m in Sources */,
				483D84541C693A0A00DD9F6E /* PhotoCollectionViewController.m in Sources */,
				483D84781C6949EB00DD9F6E /* Photo.m in Sources */,
				483D845A1C693A5B00DD9F6E /* CreateViewController.m in Sources */,
				483D84771C6949EB00DD9F6E /* Photo+CoreDataProperties.m in Sources */,
				483D84A01C6ACA1F00DD9F6E /* PhotoFullScreenImageHeader.m in Sources */,
				483D84801C696B3D00DD9F6E /* EventDetailViewController.m in Sources */,
				483D84991C6AADAB00DD9F6E /* Comment+CoreDataProperties.m in Sources */,
				483D84571C693A2A00DD9F6E /* LibraryTableViewController.m in Sources */,
				483D84831C696EA600DD9F6E /* EventDetailHeaderView.m in Sources */,
				483D83E01C69202400DD9F6E /* PicDiary.xcdatamodeld in Sources */,
				483D83D41C69202400DD9F6E /* main.m in Sources */,
				483D849A1C6AADAB00DD9F6E /* Comment.m in Sources */,
				483D84891C697BD100DD9F6E /* EventAlbumViewController.m in Sources */,
				483D84711C6949EB00DD9F6E /* Album+CoreDataProperties.m in Sources */,
				483D84721C6949EB00DD9F6E /* Album.m in Sources */,
				483D84941C6A88AB00DD9F6E /* FullScreenViewController.m in Sources */,
			);
			runOnlyForDeploymentPostprocessing = 0;
		};
/* End PBXSourcesBuildPhase section */

/* Begin PBXVariantGroup section */
		483D83DB1C69202400DD9F6E /* Main.storyboard */ = {
			isa = PBXVariantGroup;
			children = (
				483D83DC1C69202400DD9F6E /* Base */,
			);
			name = Main.storyboard;
			sourceTree = "<group>";
		};
		483D83E31C69202400DD9F6E /* LaunchScreen.storyboard */ = {
			isa = PBXVariantGroup;
			children = (
				483D83E41C69202400DD9F6E /* Base */,
			);
			name = LaunchScreen.storyboard;
			sourceTree = "<group>";
		};
/* End PBXVariantGroup section */

/* Begin XCBuildConfiguration section */
		483D83E71C69202400DD9F6E /* Debug */ = {
			isa = XCBuildConfiguration;
			buildSettings = {
				ALWAYS_SEARCH_USER_PATHS = NO;
				CLANG_CXX_LANGUAGE_STANDARD = "gnu++0x";
				CLANG_CXX_LIBRARY = "libc++";
				CLANG_ENABLE_MODULES = YES;
				CLANG_ENABLE_OBJC_ARC = YES;
				CLANG_WARN_BOOL_CONVERSION = YES;
				CLANG_WARN_CONSTANT_CONVERSION = YES;
				CLANG_WARN_DIRECT_OBJC_ISA_USAGE = YES_ERROR;
				CLANG_WARN_EMPTY_BODY = YES;
				CLANG_WARN_ENUM_CONVERSION = YES;
				CLANG_WARN_INT_CONVERSION = YES;
				CLANG_WARN_OBJC_ROOT_CLASS = YES_ERROR;
				CLANG_WARN_UNREACHABLE_CODE = YES;
				CLANG_WARN__DUPLICATE_METHOD_MATCH = YES;
				"CODE_SIGN_IDENTITY[sdk=iphoneos*]" = "iPhone Developer";
				COPY_PHASE_STRIP = NO;
				DEBUG_INFORMATION_FORMAT = dwarf;
				ENABLE_STRICT_OBJC_MSGSEND = YES;
				ENABLE_TESTABILITY = YES;
				GCC_C_LANGUAGE_STANDARD = gnu99;
				GCC_DYNAMIC_NO_PIC = NO;
				GCC_NO_COMMON_BLOCKS = YES;
				GCC_OPTIMIZATION_LEVEL = 0;
				GCC_PREPROCESSOR_DEFINITIONS = (
					"DEBUG=1",
					"$(inherited)",
				);
				GCC_WARN_64_TO_32_BIT_CONVERSION = YES;
				GCC_WARN_ABOUT_RETURN_TYPE = YES_ERROR;
				GCC_WARN_UNDECLARED_SELECTOR = YES;
				GCC_WARN_UNINITIALIZED_AUTOS = YES_AGGRESSIVE;
				GCC_WARN_UNUSED_FUNCTION = YES;
				GCC_WARN_UNUSED_VARIABLE = YES;
				IPHONEOS_DEPLOYMENT_TARGET = 9.2;
				MTL_ENABLE_DEBUG_INFO = YES;
				ONLY_ACTIVE_ARCH = YES;
				SDKROOT = iphoneos;
			};
			name = Debug;
		};
		483D83E81C69202400DD9F6E /* Release */ = {
			isa = XCBuildConfiguration;
			buildSettings = {
				ALWAYS_SEARCH_USER_PATHS = NO;
				CLANG_CXX_LANGUAGE_STANDARD = "gnu++0x";
				CLANG_CXX_LIBRARY = "libc++";
				CLANG_ENABLE_MODULES = YES;
				CLANG_ENABLE_OBJC_ARC = YES;
				CLANG_WARN_BOOL_CONVERSION = YES;
				CLANG_WARN_CONSTANT_CONVERSION = YES;
				CLANG_WARN_DIRECT_OBJC_ISA_USAGE = YES_ERROR;
				CLANG_WARN_EMPTY_BODY = YES;
				CLANG_WARN_ENUM_CONVERSION = YES;
				CLANG_WARN_INT_CONVERSION = YES;
				CLANG_WARN_OBJC_ROOT_CLASS = YES_ERROR;
				CLANG_WARN_UNREACHABLE_CODE = YES;
				CLANG_WARN__DUPLICATE_METHOD_MATCH = YES;
				"CODE_SIGN_IDENTITY[sdk=iphoneos*]" = "iPhone Developer";
				COPY_PHASE_STRIP = NO;
				DEBUG_INFORMATION_FORMAT = "dwarf-with-dsym";
				ENABLE_NS_ASSERTIONS = NO;
				ENABLE_STRICT_OBJC_MSGSEND = YES;
				GCC_C_LANGUAGE_STANDARD = gnu99;
				GCC_NO_COMMON_BLOCKS = YES;
				GCC_WARN_64_TO_32_BIT_CONVERSION = YES;
				GCC_WARN_ABOUT_RETURN_TYPE = YES_ERROR;
				GCC_WARN_UNDECLARED_SELECTOR = YES;
				GCC_WARN_UNINITIALIZED_AUTOS = YES_AGGRESSIVE;
				GCC_WARN_UNUSED_FUNCTION = YES;
				GCC_WARN_UNUSED_VARIABLE = YES;
				IPHONEOS_DEPLOYMENT_TARGET = 9.2;
				MTL_ENABLE_DEBUG_INFO = NO;
				SDKROOT = iphoneos;
				VALIDATE_PRODUCT = YES;
			};
			name = Release;
		};
		483D83EA1C69202400DD9F6E /* Debug */ = {
			isa = XCBuildConfiguration;
			buildSettings = {
				ASSETCATALOG_COMPILER_APPICON_NAME = AppIcon;
				FRAMEWORK_SEARCH_PATHS = (
					"$(inherited)",
					"$(PROJECT_DIR)",
				);
				INFOPLIST_FILE = PicDiary/Info.plist;
				LD_RUNPATH_SEARCH_PATHS = "$(inherited) @executable_path/Frameworks";
				PRODUCT_BUNDLE_IDENTIFIER = com.NarendraThapa.PicDiary;
				PRODUCT_NAME = "$(TARGET_NAME)";
			};
			name = Debug;
		};
		483D83EB1C69202400DD9F6E /* Release */ = {
			isa = XCBuildConfiguration;
			buildSettings = {
				ASSETCATALOG_COMPILER_APPICON_NAME = AppIcon;
				FRAMEWORK_SEARCH_PATHS = (
					"$(inherited)",
					"$(PROJECT_DIR)",
				);
				INFOPLIST_FILE = PicDiary/Info.plist;
				LD_RUNPATH_SEARCH_PATHS = "$(inherited) @executable_path/Frameworks";
				PRODUCT_BUNDLE_IDENTIFIER = com.NarendraThapa.PicDiary;
				PRODUCT_NAME = "$(TARGET_NAME)";
			};
			name = Release;
		};
/* End XCBuildConfiguration section */

/* Begin XCConfigurationList section */
		483D83CA1C69202400DD9F6E /* Build configuration list for PBXProject "PicDiary" */ = {
			isa = XCConfigurationList;
			buildConfigurations = (
				483D83E71C69202400DD9F6E /* Debug */,
				483D83E81C69202400DD9F6E /* Release */,
			);
			defaultConfigurationIsVisible = 0;
			defaultConfigurationName = Release;
		};
		483D83E91C69202400DD9F6E /* Build configuration list for PBXNativeTarget "PicDiary" */ = {
			isa = XCConfigurationList;
			buildConfigurations = (
				483D83EA1C69202400DD9F6E /* Debug */,
				483D83EB1C69202400DD9F6E /* Release */,
			);
			defaultConfigurationIsVisible = 0;
		};
/* End XCConfigurationList section */

/* Begin XCVersionGroup section */
		483D83DE1C69202400DD9F6E /* PicDiary.xcdatamodeld */ = {
			isa = XCVersionGroup;
			children = (
				483D83DF1C69202400DD9F6E /* PicDiary.xcdatamodel */,
			);
			currentVersion = 483D83DF1C69202400DD9F6E /* PicDiary.xcdatamodel */;
			path = PicDiary.xcdatamodeld;
			sourceTree = "<group>";
			versionGroupType = wrapper.xcdatamodel;
		};
/* End XCVersionGroup section */
	};
	rootObject = 483D83C71C69202400DD9F6E /* Project object */;
}
